// !$*UTF8*$!
{
	archiveVersion = 1;
	classes = {
	};
	objectVersion = 46;
	objects = {

/* Begin PBXBuildFile section */
		69566ED71DA241CD004D82C0 /* main.m in Sources */ = {isa = PBXBuildFile; fileRef = 69566ED61DA241CD004D82C0 /* main.m */; };
		69566EDA1DA241CD004D82C0 /* AppDelegate.m in Sources */ = {isa = PBXBuildFile; fileRef = 69566ED91DA241CD004D82C0 /* AppDelegate.m */; };
		69566EDD1DA241CD004D82C0 /* ViewController.m in Sources */ = {isa = PBXBuildFile; fileRef = 69566EDC1DA241CD004D82C0 /* ViewController.m */; };
		69566EE01DA241CD004D82C0 /* Main.storyboard in Resources */ = {isa = PBXBuildFile; fileRef = 69566EDE1DA241CD004D82C0 /* Main.storyboard */; };
		69566EE21DA241CD004D82C0 /* Assets.xcassets in Resources */ = {isa = PBXBuildFile; fileRef = 69566EE11DA241CD004D82C0 /* Assets.xcassets */; };
		69566EE51DA241CD004D82C0 /* LaunchScreen.storyboard in Resources */ = {isa = PBXBuildFile; fileRef = 69566EE31DA241CD004D82C0 /* LaunchScreen.storyboard */; };
		69566EF01DA241CE004D82C0 /* NewAppTests.m in Sources */ = {isa = PBXBuildFile; fileRef = 69566EEF1DA241CE004D82C0 /* NewAppTests.m */; };
		69566EFB1DA241CE004D82C0 /* NewAppUITests.m in Sources */ = {isa = PBXBuildFile; fileRef = 69566EFA1DA241CE004D82C0 /* NewAppUITests.m */; };
		69566F6C1DA249ED004D82C0 /* libBaseKit.a in Frameworks */ = {isa = PBXBuildFile; fileRef = 69566F5D1DA247AA004D82C0 /* libBaseKit.a */; };
/* End PBXBuildFile section */

/* Begin PBXContainerItemProxy section */
		69566EEC1DA241CE004D82C0 /* PBXContainerItemProxy */ = {
			isa = PBXContainerItemProxy;
			containerPortal = 69566ECA1DA241CD004D82C0 /* Project object */;
			proxyType = 1;
			remoteGlobalIDString = 69566ED11DA241CD004D82C0;
			remoteInfo = NewApp;
		};
		69566EF71DA241CE004D82C0 /* PBXContainerItemProxy */ = {
			isa = PBXContainerItemProxy;
			containerPortal = 69566ECA1DA241CD004D82C0 /* Project object */;
			proxyType = 1;
			remoteGlobalIDString = 69566ED11DA241CD004D82C0;
			remoteInfo = NewApp;
		};
/* End PBXContainerItemProxy section */

/* Begin PBXFileReference section */
		69566ED21DA241CD004D82C0 /* NewApp.app */ = {isa = PBXFileReference; explicitFileType = wrapper.application; includeInIndex = 0; path = NewApp.app; sourceTree = BUILT_PRODUCTS_DIR; };
		69566ED61DA241CD004D82C0 /* main.m */ = {isa = PBXFileReference; lastKnownFileType = sourcecode.c.objc; path = main.m; sourceTree = "<group>"; };
		69566ED81DA241CD004D82C0 /* AppDelegate.h */ = {isa = PBXFileReference; lastKnownFileType = sourcecode.c.h; path = AppDelegate.h; sourceTree = "<group>"; };
		69566ED91DA241CD004D82C0 /* AppDelegate.m */ = {isa = PBXFileReference; lastKnownFileType = sourcecode.c.objc; path = AppDelegate.m; sourceTree = "<group>"; };
		69566EDB1DA241CD004D82C0 /* ViewController.h */ = {isa = PBXFileReference; lastKnownFileType = sourcecode.c.h; path = ViewController.h; sourceTree = "<group>"; };
		69566EDC1DA241CD004D82C0 /* ViewController.m */ = {isa = PBXFileReference; lastKnownFileType = sourcecode.c.objc; path = ViewController.m; sourceTree = "<group>"; };
		69566EDF1DA241CD004D82C0 /* Base */ = {isa = PBXFileReference; lastKnownFileType = file.storyboard; name = Base; path = Base.lproj/Main.storyboard; sourceTree = "<group>"; };
		69566EE11DA241CD004D82C0 /* Assets.xcassets */ = {isa = PBXFileReference; lastKnownFileType = folder.assetcatalog; path = Assets.xcassets; sourceTree = "<group>"; };
		69566EE41DA241CD004D82C0 /* Base */ = {isa = PBXFileReference; lastKnownFileType = file.storyboard; name = Base; path = Base.lproj/LaunchScreen.storyboard; sourceTree = "<group>"; };
		69566EE61DA241CD004D82C0 /* Info.plist */ = {isa = PBXFileReference; lastKnownFileType = text.plist.xml; path = Info.plist; sourceTree = "<group>"; };
		69566EEB1DA241CE004D82C0 /* NewAppTests.xctest */ = {isa = PBXFileReference; explicitFileType = wrapper.cfbundle; includeInIndex = 0; path = NewAppTests.xctest; sourceTree = BUILT_PRODUCTS_DIR; };
		69566EEF1DA241CE004D82C0 /* NewAppTests.m */ = {isa = PBXFileReference; lastKnownFileType = sourcecode.c.objc; path = NewAppTests.m; sourceTree = "<group>"; };
		69566EF11DA241CE004D82C0 /* Info.plist */ = {isa = PBXFileReference; lastKnownFileType = text.plist.xml; path = Info.plist; sourceTree = "<group>"; };
		69566EF61DA241CE004D82C0 /* NewAppUITests.xctest */ = {isa = PBXFileReference; explicitFileType = wrapper.cfbundle; includeInIndex = 0; path = NewAppUITests.xctest; sourceTree = BUILT_PRODUCTS_DIR; };
		69566EFA1DA241CE004D82C0 /* NewAppUITests.m */ = {isa = PBXFileReference; lastKnownFileType = sourcecode.c.objc; path = NewAppUITests.m; sourceTree = "<group>"; };
		69566EFC1DA241CE004D82C0 /* Info.plist */ = {isa = PBXFileReference; lastKnownFileType = text.plist.xml; path = Info.plist; sourceTree = "<group>"; };
		69566F5D1DA247AA004D82C0 /* libBaseKit.a */ = {isa = PBXFileReference; lastKnownFileType = archive.ar; name = libBaseKit.a; path = "../../../Library/Developer/Xcode/DerivedData/NewApp-hbljigbczixsuffhjvydcehuioml/Build/Products/Debug-iphonesimulator/libBaseKit.a"; sourceTree = "<group>"; };
/* End PBXFileReference section */

/* Begin PBXFrameworksBuildPhase section */
		69566ECF1DA241CD004D82C0 /* Frameworks */ = {
			isa = PBXFrameworksBuildPhase;
			buildActionMask = 2147483647;
			files = (
				69566F6C1DA249ED004D82C0 /* libBaseKit.a in Frameworks */,
			);
			runOnlyForDeploymentPostprocessing = 0;
		};
		69566EE81DA241CE004D82C0 /* Frameworks */ = {
			isa = PBXFrameworksBuildPhase;
			buildActionMask = 2147483647;
			files = (
			);
			runOnlyForDeploymentPostprocessing = 0;
		};
		69566EF31DA241CE004D82C0 /* Frameworks */ = {
			isa = PBXFrameworksBuildPhase;
			buildActionMask = 2147483647;
			files = (
			);
			runOnlyForDeploymentPostprocessing = 0;
		};
/* End PBXFrameworksBuildPhase section */

/* Begin PBXGroup section */
		69566EC91DA241CD004D82C0 = {
			isa = PBXGroup;
			children = (
				69566ED41DA241CD004D82C0 /* NewApp */,
				69566EEE1DA241CE004D82C0 /* NewAppTests */,
				69566EF91DA241CE004D82C0 /* NewAppUITests */,
				69566ED31DA241CD004D82C0 /* Products */,
				69566F5C1DA247AA004D82C0 /* Frameworks */,
			);
			sourceTree = "<group>";
		};
		69566ED31DA241CD004D82C0 /* Products */ = {
			isa = PBXGroup;
			children = (
				69566ED21DA241CD004D82C0 /* NewApp.app */,
				69566EEB1DA241CE004D82C0 /* NewAppTests.xctest */,
				69566EF61DA241CE004D82C0 /* NewAppUITests.xctest */,
			);
			name = Products;
			sourceTree = "<group>";
		};
		69566ED41DA241CD004D82C0 /* NewApp */ = {
			isa = PBXGroup;
			children = (
				69566ED81DA241CD004D82C0 /* AppDelegate.h */,
				69566ED91DA241CD004D82C0 /* AppDelegate.m */,
				69566EDB1DA241CD004D82C0 /* ViewController.h */,
				69566EDC1DA241CD004D82C0 /* ViewController.m */,
				69566EDE1DA241CD004D82C0 /* Main.storyboard */,
				69566EE11DA241CD004D82C0 /* Assets.xcassets */,
				69566EE31DA241CD004D82C0 /* LaunchScreen.storyboard */,
				69566EE61DA241CD004D82C0 /* Info.plist */,
				69566ED51DA241CD004D82C0 /* Supporting Files */,
			);
			path = NewApp;
			sourceTree = "<group>";
		};
		69566ED51DA241CD004D82C0 /* Supporting Files */ = {
			isa = PBXGroup;
			children = (
				69566ED61DA241CD004D82C0 /* main.m */,
			);
			name = "Supporting Files";
			sourceTree = "<group>";
		};
		69566EEE1DA241CE004D82C0 /* NewAppTests */ = {
			isa = PBXGroup;
			children = (
				69566EEF1DA241CE004D82C0 /* NewAppTests.m */,
				69566EF11DA241CE004D82C0 /* Info.plist */,
			);
			path = NewAppTests;
			sourceTree = "<group>";
		};
		69566EF91DA241CE004D82C0 /* NewAppUITests */ = {
			isa = PBXGroup;
			children = (
				69566EFA1DA241CE004D82C0 /* NewAppUITests.m */,
				69566EFC1DA241CE004D82C0 /* Info.plist */,
			);
			path = NewAppUITests;
			sourceTree = "<group>";
		};
		69566F5C1DA247AA004D82C0 /* Frameworks */ = {
			isa = PBXGroup;
			children = (
				69566F5D1DA247AA004D82C0 /* libBaseKit.a */,
			);
			name = Frameworks;
			sourceTree = "<group>";
		};
/* End PBXGroup section */

/* Begin PBXNativeTarget section */
		69566ED11DA241CD004D82C0 /* NewApp */ = {
			isa = PBXNativeTarget;
			buildConfigurationList = 69566EFF1DA241CE004D82C0 /* Build configuration list for PBXNativeTarget "NewApp" */;
			buildPhases = (
				69566ECE1DA241CD004D82C0 /* Sources */,
				69566ECF1DA241CD004D82C0 /* Frameworks */,
				69566ED01DA241CD004D82C0 /* Resources */,
			);
			buildRules = (
			);
			dependencies = (
			);
			name = NewApp;
			productName = NewApp;
			productReference = 69566ED21DA241CD004D82C0 /* NewApp.app */;
			productType = "com.apple.product-type.application";
		};
		69566EEA1DA241CE004D82C0 /* NewAppTests */ = {
			isa = PBXNativeTarget;
			buildConfigurationList = 69566F021DA241CE004D82C0 /* Build configuration list for PBXNativeTarget "NewAppTests" */;
			buildPhases = (
				69566EE71DA241CE004D82C0 /* Sources */,
				69566EE81DA241CE004D82C0 /* Frameworks */,
				69566EE91DA241CE004D82C0 /* Resources */,
			);
			buildRules = (
			);
			dependencies = (
				69566EED1DA241CE004D82C0 /* PBXTargetDependency */,
			);
			name = NewAppTests;
			productName = NewAppTests;
			productReference = 69566EEB1DA241CE004D82C0 /* NewAppTests.xctest */;
			productType = "com.apple.product-type.bundle.unit-test";
		};
		69566EF51DA241CE004D82C0 /* NewAppUITests */ = {
			isa = PBXNativeTarget;
			buildConfigurationList = 69566F051DA241CE004D82C0 /* Build configuration list for PBXNativeTarget "NewAppUITests" */;
			buildPhases = (
				69566EF21DA241CE004D82C0 /* Sources */,
				69566EF31DA241CE004D82C0 /* Frameworks */,
				69566EF41DA241CE004D82C0 /* Resources */,
			);
			buildRules = (
			);
			dependencies = (
				69566EF81DA241CE004D82C0 /* PBXTargetDependency */,
			);
			name = NewAppUITests;
			productName = NewAppUITests;
			productReference = 69566EF61DA241CE004D82C0 /* NewAppUITests.xctest */;
			productType = "com.apple.product-type.bundle.ui-testing";
		};
/* End PBXNativeTarget section */

/* Begin PBXProject section */
		69566ECA1DA241CD004D82C0 /* Project object */ = {
			isa = PBXProject;
			attributes = {
				LastUpgradeCheck = 0800;
				ORGANIZATIONNAME = github;
				TargetAttributes = {
					69566ED11DA241CD004D82C0 = {
						CreatedOnToolsVersion = 8.0;
						ProvisioningStyle = Automatic;
					};
					69566EEA1DA241CE004D82C0 = {
						CreatedOnToolsVersion = 8.0;
						ProvisioningStyle = Automatic;
						TestTargetID = 69566ED11DA241CD004D82C0;
					};
					69566EF51DA241CE004D82C0 = {
						CreatedOnToolsVersion = 8.0;
						ProvisioningStyle = Automatic;
						TestTargetID = 69566ED11DA241CD004D82C0;
					};
				};
			};
			buildConfigurationList = 69566ECD1DA241CD004D82C0 /* Build configuration list for PBXProject "NewApp" */;
			compatibilityVersion = "Xcode 3.2";
			developmentRegion = English;
			hasScannedForEncodings = 0;
			knownRegions = (
				en,
				Base,
			);
			mainGroup = 69566EC91DA241CD004D82C0;
			productRefGroup = 69566ED31DA241CD004D82C0 /* Products */;
			projectDirPath = "";
			projectRoot = "";
			targets = (
				69566ED11DA241CD004D82C0 /* NewApp */,
				69566EEA1DA241CE004D82C0 /* NewAppTests */,
				69566EF51DA241CE004D82C0 /* NewAppUITests */,
			);
		};
/* End PBXProject section */

/* Begin PBXResourcesBuildPhase section */
		69566ED01DA241CD004D82C0 /* Resources */ = {
			isa = PBXResourcesBuildPhase;
			buildActionMask = 2147483647;
			files = (
				69566EE51DA241CD004D82C0 /* LaunchScreen.storyboard in Resources */,
				69566EE21DA241CD004D82C0 /* Assets.xcassets in Resources */,
				69566EE01DA241CD004D82C0 /* Main.storyboard in Resources */,
			);
			runOnlyForDeploymentPostprocessing = 0;
		};
		69566EE91DA241CE004D82C0 /* Resources */ = {
			isa = PBXResourcesBuildPhase;
			buildActionMask = 2147483647;
			files = (
			);
			runOnlyForDeploymentPostprocessing = 0;
		};
		69566EF41DA241CE004D82C0 /* Resources */ = {
			isa = PBXResourcesBuildPhase;
			buildActionMask = 2147483647;
			files = (
			);
			runOnlyForDeploymentPostprocessing = 0;
		};
/* End PBXResourcesBuildPhase section */

/* Begin PBXSourcesBuildPhase section */
		69566ECE1DA241CD004D82C0 /* Sources */ = {
			isa = PBXSourcesBuildPhase;
			buildActionMask = 2147483647;
			files = (
				69566EDD1DA241CD004D82C0 /* ViewController.m in Sources */,
				69566EDA1DA241CD004D82C0 /* AppDelegate.m in Sources */,
				69566ED71DA241CD004D82C0 /* main.m in Sources */,
			);
			runOnlyForDeploymentPostprocessing = 0;
		};
		69566EE71DA241CE004D82C0 /* Sources */ = {
			isa = PBXSourcesBuildPhase;
			buildActionMask = 2147483647;
			files = (
				69566EF01DA241CE004D82C0 /* NewAppTests.m in Sources */,
			);
			runOnlyForDeploymentPostprocessing = 0;
		};
		69566EF21DA241CE004D82C0 /* Sources */ = {
			isa = PBXSourcesBuildPhase;
			buildActionMask = 2147483647;
			files = (
				69566EFB1DA241CE004D82C0 /* NewAppUITests.m in Sources */,
			);
			runOnlyForDeploymentPostprocessing = 0;
		};
/* End PBXSourcesBuildPhase section */

/* Begin PBXTargetDependency section */
		69566EED1DA241CE004D82C0 /* PBXTargetDependency */ = {
			isa = PBXTargetDependency;
			target = 69566ED11DA241CD004D82C0 /* NewApp */;
			targetProxy = 69566EEC1DA241CE004D82C0 /* PBXContainerItemProxy */;
		};
		69566EF81DA241CE004D82C0 /* PBXTargetDependency */ = {
			isa = PBXTargetDependency;
			target = 69566ED11DA241CD004D82C0 /* NewApp */;
			targetProxy = 69566EF71DA241CE004D82C0 /* PBXContainerItemProxy */;
		};
/* End PBXTargetDependency section */

/* Begin PBXVariantGroup section */
		69566EDE1DA241CD004D82C0 /* Main.storyboard */ = {
			isa = PBXVariantGroup;
			children = (
				69566EDF1DA241CD004D82C0 /* Base */,
			);
			name = Main.storyboard;
			sourceTree = "<group>";
		};
		69566EE31DA241CD004D82C0 /* LaunchScreen.storyboard */ = {
			isa = PBXVariantGroup;
			children = (
				69566EE41DA241CD004D82C0 /* Base */,
			);
			name = LaunchScreen.storyboard;
			sourceTree = "<group>";
		};
/* End PBXVariantGroup section */

/* Begin XCBuildConfiguration section */
		69566EFD1DA241CE004D82C0 /* Debug */ = {
			isa = XCBuildConfiguration;
			buildSettings = {
				ALWAYS_SEARCH_USER_PATHS = NO;
				CLANG_ANALYZER_NONNULL = YES;
				CLANG_CXX_LANGUAGE_STANDARD = "gnu++0x";
				CLANG_CXX_LIBRARY = "libc++";
				CLANG_ENABLE_MODULES = YES;
				CLANG_ENABLE_OBJC_ARC = YES;
				CLANG_WARN_BOOL_CONVERSION = YES;
				CLANG_WARN_CONSTANT_CONVERSION = YES;
				CLANG_WARN_DIRECT_OBJC_ISA_USAGE = YES_ERROR;
				CLANG_WARN_DOCUMENTATION_COMMENTS = YES;
				CLANG_WARN_EMPTY_BODY = YES;
				CLANG_WARN_ENUM_CONVERSION = YES;
				CLANG_WARN_INFINITE_RECURSION = YES;
				CLANG_WARN_INT_CONVERSION = YES;
				CLANG_WARN_OBJC_ROOT_CLASS = YES_ERROR;
				CLANG_WARN_SUSPICIOUS_MOVES = YES;
				CLANG_WARN_UNREACHABLE_CODE = YES;
				CLANG_WARN__DUPLICATE_METHOD_MATCH = YES;
				"CODE_SIGN_IDENTITY[sdk=iphoneos*]" = "iPhone Developer";
				COPY_PHASE_STRIP = NO;
				DEBUG_INFORMATION_FORMAT = dwarf;
				ENABLE_STRICT_OBJC_MSGSEND = YES;
				ENABLE_TESTABILITY = YES;
				GCC_C_LANGUAGE_STANDARD = gnu99;
				GCC_DYNAMIC_NO_PIC = NO;
				GCC_NO_COMMON_BLOCKS = YES;
				GCC_OPTIMIZATION_LEVEL = 0;
				GCC_PREPROCESSOR_DEFINITIONS = (
					"DEBUG=1",
					"$(inherited)",
				);
				GCC_WARN_64_TO_32_BIT_CONVERSION = YES;
				GCC_WARN_ABOUT_RETURN_TYPE = YES_ERROR;
				GCC_WARN_UNDECLARED_SELECTOR = YES;
				GCC_WARN_UNINITIALIZED_AUTOS = YES_AGGRESSIVE;
				GCC_WARN_UNUSED_FUNCTION = YES;
				GCC_WARN_UNUSED_VARIABLE = YES;
				IPHONEOS_DEPLOYMENT_TARGET = 10.0;
				MTL_ENABLE_DEBUG_INFO = YES;
				ONLY_ACTIVE_ARCH = YES;
				SDKROOT = iphoneos;
			};
			name = Debug;
		};
		69566EFE1DA241CE004D82C0 /* Release */ = {
			isa = XCBuildConfiguration;
			buildSettings = {
				ALWAYS_SEARCH_USER_PATHS = NO;
				CLANG_ANALYZER_NONNULL = YES;
				CLANG_CXX_LANGUAGE_STANDARD = "gnu++0x";
				CLANG_CXX_LIBRARY = "libc++";
				CLANG_ENABLE_MODULES = YES;
				CLANG_ENABLE_OBJC_ARC = YES;
				CLANG_WARN_BOOL_CONVERSION = YES;
				CLANG_WARN_CONSTANT_CONVERSION = YES;
				CLANG_WARN_DIRECT_OBJC_ISA_USAGE = YES_ERROR;
				CLANG_WARN_DOCUMENTATION_COMMENTS = YES;
				CLANG_WARN_EMPTY_BODY = YES;
				CLANG_WARN_ENUM_CONVERSION = YES;
				CLANG_WARN_INFINITE_RECURSION = YES;
				CLANG_WARN_INT_CONVERSION = YES;
				CLANG_WARN_OBJC_ROOT_CLASS = YES_ERROR;
				CLANG_WARN_SUSPICIOUS_MOVES = YES;
				CLANG_WARN_UNREACHABLE_CODE = YES;
				CLANG_WARN__DUPLICATE_METHOD_MATCH = YES;
				"CODE_SIGN_IDENTITY[sdk=iphoneos*]" = "iPhone Developer";
				COPY_PHASE_STRIP = NO;
				DEBUG_INFORMATION_FORMAT = "dwarf-with-dsym";
				ENABLE_NS_ASSERTIONS = NO;
				ENABLE_STRICT_OBJC_MSGSEND = YES;
				GCC_C_LANGUAGE_STANDARD = gnu99;
				GCC_NO_COMMON_BLOCKS = YES;
				GCC_WARN_64_TO_32_BIT_CONVERSION = YES;
				GCC_WARN_ABOUT_RETURN_TYPE = YES_ERROR;
				GCC_WARN_UNDECLARED_SELECTOR = YES;
				GCC_WARN_UNINITIALIZED_AUTOS = YES_AGGRESSIVE;
				GCC_WARN_UNUSED_FUNCTION = YES;
				GCC_WARN_UNUSED_VARIABLE = YES;
				IPHONEOS_DEPLOYMENT_TARGET = 10.0;
				MTL_ENABLE_DEBUG_INFO = NO;
				SDKROOT = iphoneos;
				VALIDATE_PRODUCT = YES;
			};
			name = Release;
		};
		69566F001DA241CE004D82C0 /* Debug */ = {
			isa = XCBuildConfiguration;
			buildSettings = {
				ASSETCATALOG_COMPILER_APPICON_NAME = AppIcon;
				HEADER_SEARCH_PATHS = "/Users/gaowenjie/Exercise/JingTaiKu/BaseKit/BaseKit/**";
				INFOPLIST_FILE = NewApp/Info.plist;
				LD_RUNPATH_SEARCH_PATHS = "$(inherited) @executable_path/Frameworks";
				OTHER_LDFLAGS = "-ObjC";
				PRODUCT_BUNDLE_IDENTIFIER = wjTime.NewApp;
				PRODUCT_NAME = "$(TARGET_NAME)";
			};
			name = Debug;
		};
		69566F011DA241CE004D82C0 /* Release */ = {
			isa = XCBuildConfiguration;
			buildSettings = {
				ASSETCATALOG_COMPILER_APPICON_NAME = AppIcon;
				HEADER_SEARCH_PATHS = "/Users/gaowenjie/Exercise/JingTaiKu/BaseKit/BaseKit/**";
				INFOPLIST_FILE = NewApp/Info.plist;
				LD_RUNPATH_SEARCH_PATHS = "$(inherited) @executable_path/Frameworks";
				OTHER_LDFLAGS = "-ObjC";
				PRODUCT_BUNDLE_IDENTIFIER = wjTime.NewApp;
				PRODUCT_NAME = "$(TARGET_NAME)";
			};
			name = Release;
		};
		69566F031DA241CE004D82C0 /* Debug */ = {
			isa = XCBuildConfiguration;
			buildSettings = {
				BUNDLE_LOADER = "$(TEST_HOST)";
				INFOPLIST_FILE = NewAppTests/Info.plist;
				LD_RUNPATH_SEARCH_PATHS = "$(inherited) @executable_path/Frameworks @loader_path/Frameworks";
				PRODUCT_BUNDLE_IDENTIFIER = wjTime.NewAppTests;
				PRODUCT_NAME = "$(TARGET_NAME)";
				TEST_HOST = "$(BUILT_PRODUCTS_DIR)/NewApp.app/NewApp";
			};
			name = Debug;
		};
		69566F041DA241CE004D82C0 /* Release */ = {
			isa = XCBuildConfiguration;
			buildSettings = {
				BUNDLE_LOADER = "$(TEST_HOST)";
				INFOPLIST_FILE = NewAppTests/Info.plist;
				LD_RUNPATH_SEARCH_PATHS = "$(inherited) @executable_path/Frameworks @loader_path/Frameworks";
				PRODUCT_BUNDLE_IDENTIFIER = wjTime.NewAppTests;
				PRODUCT_NAME = "$(TARGET_NAME)";
				TEST_HOST = "$(BUILT_PRODUCTS_DIR)/NewApp.app/NewApp";
			};
			name = Release;
		};
		69566F061DA241CE004D82C0 /* Debug */ = {
			isa = XCBuildConfiguration;
			buildSettings = {
				INFOPLIST_FILE = NewAppUITests/Info.plist;
				LD_RUNPATH_SEARCH_PATHS = "$(inherited) @executable_path/Frameworks @loader_path/Frameworks";
				PRODUCT_BUNDLE_IDENTIFIER = wjTime.NewAppUITests;
				PRODUCT_NAME = "$(TARGET_NAME)";
				TEST_TARGET_NAME = NewApp;
			};
			name = Debug;
		};
		69566F071DA241CE004D82C0 /* Release */ = {
			isa = XCBuildConfiguration;
			buildSettings = {
				INFOPLIST_FILE = NewAppUITests/Info.plist;
				LD_RUNPATH_SEARCH_PATHS = "$(inherited) @executable_path/Frameworks @loader_path/Frameworks";
				PRODUCT_BUNDLE_IDENTIFIER = wjTime.NewAppUITests;
				PRODUCT_NAME = "$(TARGET_NAME)";
				TEST_TARGET_NAME = NewApp;
			};
			name = Release;
		};
/* End XCBuildConfiguration section */

/* Begin XCConfigurationList section */
		69566ECD1DA241CD004D82C0 /* Build configuration list for PBXProject "NewApp" */ = {
			isa = XCConfigurationList;
			buildConfigurations = (
				69566EFD1DA241CE004D82C0 /* Debug */,
				69566EFE1DA241CE004D82C0 /* Release */,
			);
			defaultConfigurationIsVisible = 0;
			defaultConfigurationName = Release;
		};
		69566EFF1DA241CE004D82C0 /* Build configuration list for PBXNativeTarget "NewApp" */ = {
			isa = XCConfigurationList;
			buildConfigurations = (
				69566F001DA241CE004D82C0 /* Debug */,
				69566F011DA241CE004D82C0 /* Release */,
			);
			defaultConfigurationIsVisible = 0;
			defaultConfigurationName = Release;
		};
		69566F021DA241CE004D82C0 /* Build configuration list for PBXNativeTarget "NewAppTests" */ = {
			isa = XCConfigurationList;
			buildConfigurations = (
				69566F031DA241CE004D82C0 /* Debug */,
				69566F041DA241CE004D82C0 /* Release */,
			);
			defaultConfigurationIsVisible = 0;
			defaultConfigurationName = Release;
		};
		69566F051DA241CE004D82C0 /* Build configuration list for PBXNativeTarget "NewAppUITests" */ = {
			isa = XCConfigurationList;
			buildConfigurations = (
				69566F061DA241CE004D82C0 /* Debug */,
				69566F071DA241CE004D82C0 /* Release */,
			);
			defaultConfigurationIsVisible = 0;
			defaultConfigurationName = Release;
		};
/* End XCConfigurationList section */
	};
	rootObject = 69566ECA1DA241CD004D82C0 /* Project object */;
}
